
Microsoft Visual Studio Solution File, Format Version 12.00
# Visual Studio Version 17
VisualStudioVersion = 17.10.34928.147
MinimumVisualStudioVersion = 10.0.40219.1
Project("{9A19103F-16F7-4668-BE54-9A1E7A4F7556}") = "LocalGPTGui", "LocalGPTGui.csproj", "{F87B6DC9-AFE5-4618-85CF-6400ED90BF1C}"
EndProject
Project("{FAE04EC0-301F-11D3-BF4B-00C04F79EFBC}") = "LocalGPT_FileAccess", "..\LocalGPT_FileAccess\LocalGPT_FileAccess.csproj", "{7888E337-E0EB-4C0E-9384-EF39A8F8171C}"
EndProject
Project("{FAE04EC0-301F-11D3-BF4B-00C04F79EFBC}") = "VoiceComponent", "..\Voice_Module\VoiceModule\VoiceComponent.csproj", "{AA2BC84A-AE4E-4824-BF75-788563DC4E8B}"
EndProject
Project("{FAE04EC0-301F-11D3-BF4B-00C04F79EFBC}") = "VoiceComponentTest", "..\Voice_Module\VoiceComponentTest\VoiceComponentTest.csproj", "{51156EFA-EFA5-4924-896D-A148CCEB3AC5}"
EndProject
Global
	GlobalSection(SolutionConfigurationPlatforms) = preSolution
		Debug|Any CPU = Debug|Any CPU
		Release|Any CPU = Release|Any CPU
	EndGlobalSection
	GlobalSection(ProjectConfigurationPlatforms) = postSolution
		{F87B6DC9-AFE5-4618-85CF-6400ED90BF1C}.Debug|Any CPU.ActiveCfg = Debug|Any CPU
		{F87B6DC9-AFE5-4618-85CF-6400ED90BF1C}.Debug|Any CPU.Build.0 = Debug|Any CPU
		{F87B6DC9-AFE5-4618-85CF-6400ED90BF1C}.Release|Any CPU.ActiveCfg = Debug|Any CPU
		{F87B6DC9-AFE5-4618-85CF-6400ED90BF1C}.Release|Any CPU.Build.0 = Debug|Any CPU
		{7888E337-E0EB-4C0E-9384-EF39A8F8171C}.Debug|Any CPU.ActiveCfg = Debug|Any CPU
		{7888E337-E0EB-4C0E-9384-EF39A8F8171C}.Debug|Any CPU.Build.0 = Debug|Any CPU
		{7888E337-E0EB-4C0E-9384-EF39A8F8171C}.Release|Any CPU.ActiveCfg = Release|Any CPU
		{7888E337-E0EB-4C0E-9384-EF39A8F8171C}.Release|Any CPU.Build.0 = Release|Any CPU
		{AA2BC84A-AE4E-4824-BF75-788563DC4E8B}.Debug|Any CPU.ActiveCfg = Debug|Any CPU
		{AA2BC84A-AE4E-4824-BF75-788563DC4E8B}.Debug|Any CPU.Build.0 = Debug|Any CPU
		{AA2BC84A-AE4E-4824-BF75-788563DC4E8B}.Release|Any CPU.ActiveCfg = Release|Any CPU
		{AA2BC84A-AE4E-4824-BF75-788563DC4E8B}.Release|Any CPU.Build.0 = Release|Any CPU
		{51156EFA-EFA5-4924-896D-A148CCEB3AC5}.Debug|Any CPU.ActiveCfg = Debug|Any CPU
		{51156EFA-EFA5-4924-896D-A148CCEB3AC5}.Debug|Any CPU.Build.0 = Debug|Any CPU
		{51156EFA-EFA5-4924-896D-A148CCEB3AC5}.Release|Any CPU.ActiveCfg = Release|Any CPU
		{51156EFA-EFA5-4924-896D-A148CCEB3AC5}.Release|Any CPU.Build.0 = Release|Any CPU
	EndGlobalSection
	GlobalSection(SolutionProperties) = preSolution
		HideSolutionNode = FALSE
	EndGlobalSection
	GlobalSection(ExtensibilityGlobals) = postSolution
		SolutionGuid = {7EEE3E90-61C4-4B9F-A98F-CDF76699AF54}
	EndGlobalSection
EndGlobal
